// !$*UTF8*$!
{
	archiveVersion = 1;
	classes = {
	};
	objectVersion = 46;
	objects = {

/* Begin PBXBuildFile section */
		7E7DDD031C2DB5E5BAE1F06B /* libPods.a in Frameworks */ = {isa = PBXBuildFile; fileRef = D20C4A43DC4A0FA9ADDA1E63 /* libPods.a */; };
		9CEB2D341AEE928600F74364 /* main.m in Sources */ = {isa = PBXBuildFile; fileRef = 9CEB2D331AEE928600F74364 /* main.m */; };
		9CEB2D371AEE928600F74364 /* AppDelegate.m in Sources */ = {isa = PBXBuildFile; fileRef = 9CEB2D361AEE928600F74364 /* AppDelegate.m */; };
		9CEB2D391AEE928600F74364 /* Images.xcassets in Resources */ = {isa = PBXBuildFile; fileRef = 9CEB2D381AEE928600F74364 /* Images.xcassets */; };
		9CEB2D3C1AEE928600F74364 /* LaunchScreen.xib in Resources */ = {isa = PBXBuildFile; fileRef = 9CEB2D3A1AEE928600F74364 /* LaunchScreen.xib */; };
		9CEB2D481AEE928600F74364 /* NewsTests.m in Sources */ = {isa = PBXBuildFile; fileRef = 9CEB2D471AEE928600F74364 /* NewsTests.m */; };
		9CEB2D521AEE932000F74364 /* libGoogleAnalyticsServices.a in Frameworks */ = {isa = PBXBuildFile; fileRef = 9CEB2D511AEE932000F74364 /* libGoogleAnalyticsServices.a */; };
		9CEB2D541AEE934200F74364 /* AdSupport.framework in Frameworks */ = {isa = PBXBuildFile; fileRef = 9CEB2D531AEE934200F74364 /* AdSupport.framework */; };
		9CEB2D561AEE934B00F74364 /* CoreData.framework in Frameworks */ = {isa = PBXBuildFile; fileRef = 9CEB2D551AEE934B00F74364 /* CoreData.framework */; };
		9CEB2D581AEE935900F74364 /* SystemConfiguration.framework in Frameworks */ = {isa = PBXBuildFile; fileRef = 9CEB2D571AEE935900F74364 /* SystemConfiguration.framework */; };
		9CEB2D5A1AEE936700F74364 /* libz.dylib in Frameworks */ = {isa = PBXBuildFile; fileRef = 9CEB2D591AEE936700F74364 /* libz.dylib */; };
		9CEB2D651AEEA09600F74364 /* ARFNew.m in Sources */ = {isa = PBXBuildFile; fileRef = 9CEB2D641AEEA09600F74364 /* ARFNew.m */; };
		9CEB2D691AEEA53400F74364 /* imgPrueba.jpg in Resources */ = {isa = PBXBuildFile; fileRef = 9CEB2D681AEEA53400F74364 /* imgPrueba.jpg */; };
		9CEB2D6C1AEEBFEE00F74364 /* ARFScore.m in Sources */ = {isa = PBXBuildFile; fileRef = 9CEB2D6B1AEEBFEE00F74364 /* ARFScore.m */; };
/* End PBXBuildFile section */

/* Begin PBXContainerItemProxy section */
		9CEB2D421AEE928600F74364 /* PBXContainerItemProxy */ = {
			isa = PBXContainerItemProxy;
			containerPortal = 9CEB2D261AEE928600F74364 /* Project object */;
			proxyType = 1;
			remoteGlobalIDString = 9CEB2D2D1AEE928600F74364;
			remoteInfo = News;
		};
/* End PBXContainerItemProxy section */

/* Begin PBXFileReference section */
		9CEB2D2E1AEE928600F74364 /* News.app */ = {isa = PBXFileReference; explicitFileType = wrapper.application; includeInIndex = 0; path = News.app; sourceTree = BUILT_PRODUCTS_DIR; };
		9CEB2D321AEE928600F74364 /* Info.plist */ = {isa = PBXFileReference; lastKnownFileType = text.plist.xml; path = Info.plist; sourceTree = "<group>"; };
		9CEB2D331AEE928600F74364 /* main.m */ = {isa = PBXFileReference; lastKnownFileType = sourcecode.c.objc; path = main.m; sourceTree = "<group>"; };
		9CEB2D351AEE928600F74364 /* AppDelegate.h */ = {isa = PBXFileReference; lastKnownFileType = sourcecode.c.h; path = AppDelegate.h; sourceTree = "<group>"; };
		9CEB2D361AEE928600F74364 /* AppDelegate.m */ = {isa = PBXFileReference; lastKnownFileType = sourcecode.c.objc; path = AppDelegate.m; sourceTree = "<group>"; };
		9CEB2D381AEE928600F74364 /* Images.xcassets */ = {isa = PBXFileReference; lastKnownFileType = folder.assetcatalog; path = Images.xcassets; sourceTree = "<group>"; };
		9CEB2D3B1AEE928600F74364 /* Base */ = {isa = PBXFileReference; lastKnownFileType = file.xib; name = Base; path = Base.lproj/LaunchScreen.xib; sourceTree = "<group>"; };
		9CEB2D411AEE928600F74364 /* NewsTests.xctest */ = {isa = PBXFileReference; explicitFileType = wrapper.cfbundle; includeInIndex = 0; path = NewsTests.xctest; sourceTree = BUILT_PRODUCTS_DIR; };
		9CEB2D461AEE928600F74364 /* Info.plist */ = {isa = PBXFileReference; lastKnownFileType = text.plist.xml; path = Info.plist; sourceTree = "<group>"; };
		9CEB2D471AEE928600F74364 /* NewsTests.m */ = {isa = PBXFileReference; lastKnownFileType = sourcecode.c.objc; path = NewsTests.m; sourceTree = "<group>"; };
		9CEB2D511AEE932000F74364 /* libGoogleAnalyticsServices.a */ = {isa = PBXFileReference; lastKnownFileType = archive.ar; path = libGoogleAnalyticsServices.a; sourceTree = "<group>"; };
		9CEB2D531AEE934200F74364 /* AdSupport.framework */ = {isa = PBXFileReference; lastKnownFileType = wrapper.framework; name = AdSupport.framework; path = System/Library/Frameworks/AdSupport.framework; sourceTree = SDKROOT; };
		9CEB2D551AEE934B00F74364 /* CoreData.framework */ = {isa = PBXFileReference; lastKnownFileType = wrapper.framework; name = CoreData.framework; path = System/Library/Frameworks/CoreData.framework; sourceTree = SDKROOT; };
		9CEB2D571AEE935900F74364 /* SystemConfiguration.framework */ = {isa = PBXFileReference; lastKnownFileType = wrapper.framework; name = SystemConfiguration.framework; path = System/Library/Frameworks/SystemConfiguration.framework; sourceTree = SDKROOT; };
		9CEB2D591AEE936700F74364 /* libz.dylib */ = {isa = PBXFileReference; lastKnownFileType = "compiled.mach-o.dylib"; name = libz.dylib; path = usr/lib/libz.dylib; sourceTree = SDKROOT; };
		9CEB2D5B1AEE939500F74364 /* GAI.h */ = {isa = PBXFileReference; fileEncoding = 4; lastKnownFileType = sourcecode.c.h; path = GAI.h; sourceTree = "<group>"; };
		9CEB2D5C1AEE939500F74364 /* GAIDictionaryBuilder.h */ = {isa = PBXFileReference; fileEncoding = 4; lastKnownFileType = sourcecode.c.h; path = GAIDictionaryBuilder.h; sourceTree = "<group>"; };
		9CEB2D5D1AEE939500F74364 /* GAIFields.h */ = {isa = PBXFileReference; fileEncoding = 4; lastKnownFileType = sourcecode.c.h; path = GAIFields.h; sourceTree = "<group>"; };
		9CEB2D5E1AEE939500F74364 /* GAILogger.h */ = {isa = PBXFileReference; fileEncoding = 4; lastKnownFileType = sourcecode.c.h; path = GAILogger.h; sourceTree = "<group>"; };
		9CEB2D5F1AEE939500F74364 /* GAITrackedViewController.h */ = {isa = PBXFileReference; fileEncoding = 4; lastKnownFileType = sourcecode.c.h; path = GAITrackedViewController.h; sourceTree = "<group>"; };
		9CEB2D601AEE939500F74364 /* GAITracker.h */ = {isa = PBXFileReference; fileEncoding = 4; lastKnownFileType = sourcecode.c.h; path = GAITracker.h; sourceTree = "<group>"; };
		9CEB2D631AEEA09600F74364 /* ARFNew.h */ = {isa = PBXFileReference; fileEncoding = 4; lastKnownFileType = sourcecode.c.h; path = ARFNew.h; sourceTree = "<group>"; };
		9CEB2D641AEEA09600F74364 /* ARFNew.m */ = {isa = PBXFileReference; fileEncoding = 4; lastKnownFileType = sourcecode.c.objc; path = ARFNew.m; sourceTree = "<group>"; };
		9CEB2D681AEEA53400F74364 /* imgPrueba.jpg */ = {isa = PBXFileReference; lastKnownFileType = image.jpeg; path = imgPrueba.jpg; sourceTree = "<group>"; };
		9CEB2D6A1AEEBFEE00F74364 /* ARFScore.h */ = {isa = PBXFileReference; fileEncoding = 4; lastKnownFileType = sourcecode.c.h; path = ARFScore.h; sourceTree = "<group>"; };
		9CEB2D6B1AEEBFEE00F74364 /* ARFScore.m */ = {isa = PBXFileReference; fileEncoding = 4; lastKnownFileType = sourcecode.c.objc; path = ARFScore.m; sourceTree = "<group>"; };
		D20C4A43DC4A0FA9ADDA1E63 /* libPods.a */ = {isa = PBXFileReference; explicitFileType = archive.ar; includeInIndex = 0; path = libPods.a; sourceTree = BUILT_PRODUCTS_DIR; };
		E1C39687DEE44A0EE20C09AB /* Pods.debug.xcconfig */ = {isa = PBXFileReference; includeInIndex = 1; lastKnownFileType = text.xcconfig; name = Pods.debug.xcconfig; path = "Pods/Target Support Files/Pods/Pods.debug.xcconfig"; sourceTree = "<group>"; };
		E1EAA628F6387F3967BE7C5E /* Pods.release.xcconfig */ = {isa = PBXFileReference; includeInIndex = 1; lastKnownFileType = text.xcconfig; name = Pods.release.xcconfig; path = "Pods/Target Support Files/Pods/Pods.release.xcconfig"; sourceTree = "<group>"; };
/* End PBXFileReference section */

/* Begin PBXFrameworksBuildPhase section */
		9CEB2D2B1AEE928600F74364 /* Frameworks */ = {
			isa = PBXFrameworksBuildPhase;
			buildActionMask = 2147483647;
			files = (
				9CEB2D5A1AEE936700F74364 /* libz.dylib in Frameworks */,
				9CEB2D581AEE935900F74364 /* SystemConfiguration.framework in Frameworks */,
				9CEB2D561AEE934B00F74364 /* CoreData.framework in Frameworks */,
				9CEB2D541AEE934200F74364 /* AdSupport.framework in Frameworks */,
				9CEB2D521AEE932000F74364 /* libGoogleAnalyticsServices.a in Frameworks */,
				7E7DDD031C2DB5E5BAE1F06B /* libPods.a in Frameworks */,
			);
			runOnlyForDeploymentPostprocessing = 0;
		};
		9CEB2D3E1AEE928600F74364 /* Frameworks */ = {
			isa = PBXFrameworksBuildPhase;
			buildActionMask = 2147483647;
			files = (
			);
			runOnlyForDeploymentPostprocessing = 0;
		};
/* End PBXFrameworksBuildPhase section */

/* Begin PBXGroup section */
		409AF1C7F4E164931A3C429D /* Pods */ = {
			isa = PBXGroup;
			children = (
				E1C39687DEE44A0EE20C09AB /* Pods.debug.xcconfig */,
				E1EAA628F6387F3967BE7C5E /* Pods.release.xcconfig */,
			);
			name = Pods;
			sourceTree = "<group>";
		};
		9CEB2D251AEE928600F74364 = {
			isa = PBXGroup;
			children = (
				9CEB2D301AEE928600F74364 /* News */,
				9CEB2D441AEE928600F74364 /* NewsTests */,
				9CEB2D2F1AEE928600F74364 /* Products */,
				409AF1C7F4E164931A3C429D /* Pods */,
				C37084C65952812AF421AB76 /* Frameworks */,
			);
			sourceTree = "<group>";
		};
		9CEB2D2F1AEE928600F74364 /* Products */ = {
			isa = PBXGroup;
			children = (
				9CEB2D2E1AEE928600F74364 /* News.app */,
				9CEB2D411AEE928600F74364 /* NewsTests.xctest */,
			);
			name = Products;
			sourceTree = "<group>";
		};
		9CEB2D301AEE928600F74364 /* News */ = {
			isa = PBXGroup;
			children = (
				9CEB2D681AEEA53400F74364 /* imgPrueba.jpg */,
				9CEB2D611AEE93A400F74364 /* Google Analytics */,
				9CEB2D661AEEA09F00F74364 /* Model */,
				9CEB2D351AEE928600F74364 /* AppDelegate.h */,
				9CEB2D361AEE928600F74364 /* AppDelegate.m */,
				9CEB2D381AEE928600F74364 /* Images.xcassets */,
				9CEB2D3A1AEE928600F74364 /* LaunchScreen.xib */,
				9CEB2D311AEE928600F74364 /* Supporting Files */,
			);
			path = News;
			sourceTree = "<group>";
		};
		9CEB2D311AEE928600F74364 /* Supporting Files */ = {
			isa = PBXGroup;
			children = (
				9CEB2D321AEE928600F74364 /* Info.plist */,
				9CEB2D331AEE928600F74364 /* main.m */,
			);
			name = "Supporting Files";
			sourceTree = "<group>";
		};
		9CEB2D441AEE928600F74364 /* NewsTests */ = {
			isa = PBXGroup;
			children = (
				9CEB2D471AEE928600F74364 /* NewsTests.m */,
				9CEB2D451AEE928600F74364 /* Supporting Files */,
			);
			path = NewsTests;
			sourceTree = "<group>";
		};
		9CEB2D451AEE928600F74364 /* Supporting Files */ = {
			isa = PBXGroup;
			children = (
				9CEB2D461AEE928600F74364 /* Info.plist */,
			);
			name = "Supporting Files";
			sourceTree = "<group>";
		};
		9CEB2D611AEE93A400F74364 /* Google Analytics */ = {
			isa = PBXGroup;
			children = (
				9CEB2D621AEE93BE00F74364 /* Libraries */,
				9CEB2D5B1AEE939500F74364 /* GAI.h */,
				9CEB2D5C1AEE939500F74364 /* GAIDictionaryBuilder.h */,
				9CEB2D5D1AEE939500F74364 /* GAIFields.h */,
				9CEB2D5E1AEE939500F74364 /* GAILogger.h */,
				9CEB2D5F1AEE939500F74364 /* GAITrackedViewController.h */,
				9CEB2D601AEE939500F74364 /* GAITracker.h */,
			);
			name = "Google Analytics";
			sourceTree = "<group>";
		};
		9CEB2D621AEE93BE00F74364 /* Libraries */ = {
			isa = PBXGroup;
			children = (
				9CEB2D511AEE932000F74364 /* libGoogleAnalyticsServices.a */,
				9CEB2D591AEE936700F74364 /* libz.dylib */,
				9CEB2D571AEE935900F74364 /* SystemConfiguration.framework */,
				9CEB2D551AEE934B00F74364 /* CoreData.framework */,
				9CEB2D531AEE934200F74364 /* AdSupport.framework */,
			);
			name = Libraries;
			sourceTree = "<group>";
		};
		9CEB2D661AEEA09F00F74364 /* Model */ = {
			isa = PBXGroup;
			children = (
				9CEB2D671AEEA0A600F74364 /* New */,
			);
			name = Model;
			sourceTree = "<group>";
		};
		9CEB2D671AEEA0A600F74364 /* New */ = {
			isa = PBXGroup;
			children = (
				9CEB2D631AEEA09600F74364 /* ARFNew.h */,
				9CEB2D641AEEA09600F74364 /* ARFNew.m */,
				9CEB2D6A1AEEBFEE00F74364 /* ARFScore.h */,
				9CEB2D6B1AEEBFEE00F74364 /* ARFScore.m */,
			);
			name = New;
			sourceTree = "<group>";
		};
		C37084C65952812AF421AB76 /* Frameworks */ = {
			isa = PBXGroup;
			children = (
				D20C4A43DC4A0FA9ADDA1E63 /* libPods.a */,
			);
			name = Frameworks;
			sourceTree = "<group>";
		};
/* End PBXGroup section */

/* Begin PBXNativeTarget section */
		9CEB2D2D1AEE928600F74364 /* News */ = {
			isa = PBXNativeTarget;
			buildConfigurationList = 9CEB2D4B1AEE928600F74364 /* Build configuration list for PBXNativeTarget "News" */;
			buildPhases = (
				89A2BD27FABFE92117E25A8C /* Check Pods Manifest.lock */,
				9CEB2D2A1AEE928600F74364 /* Sources */,
				9CEB2D2B1AEE928600F74364 /* Frameworks */,
				9CEB2D2C1AEE928600F74364 /* Resources */,
				D1EF8004C91BB283FAA3AF11 /* Copy Pods Resources */,
			);
			buildRules = (
			);
			dependencies = (
			);
			name = News;
			productName = News;
			productReference = 9CEB2D2E1AEE928600F74364 /* News.app */;
			productType = "com.apple.product-type.application";
		};
		9CEB2D401AEE928600F74364 /* NewsTests */ = {
			isa = PBXNativeTarget;
			buildConfigurationList = 9CEB2D4E1AEE928600F74364 /* Build configuration list for PBXNativeTarget "NewsTests" */;
			buildPhases = (
				9CEB2D3D1AEE928600F74364 /* Sources */,
				9CEB2D3E1AEE928600F74364 /* Frameworks */,
				9CEB2D3F1AEE928600F74364 /* Resources */,
			);
			buildRules = (
			);
			dependencies = (
				9CEB2D431AEE928600F74364 /* PBXTargetDependency */,
			);
			name = NewsTests;
			productName = NewsTests;
			productReference = 9CEB2D411AEE928600F74364 /* NewsTests.xctest */;
			productType = "com.apple.product-type.bundle.unit-test";
		};
/* End PBXNativeTarget section */

/* Begin PBXProject section */
		9CEB2D261AEE928600F74364 /* Project object */ = {
			isa = PBXProject;
			attributes = {
				LastUpgradeCheck = 0630;
				ORGANIZATIONNAME = "Alejandro Rodriguez";
				TargetAttributes = {
					9CEB2D2D1AEE928600F74364 = {
						CreatedOnToolsVersion = 6.3;
					};
					9CEB2D401AEE928600F74364 = {
						CreatedOnToolsVersion = 6.3;
						TestTargetID = 9CEB2D2D1AEE928600F74364;
					};
				};
			};
			buildConfigurationList = 9CEB2D291AEE928600F74364 /* Build configuration list for PBXProject "News" */;
			compatibilityVersion = "Xcode 3.2";
			developmentRegion = English;
			hasScannedForEncodings = 0;
			knownRegions = (
				en,
				Base,
			);
			mainGroup = 9CEB2D251AEE928600F74364;
			productRefGroup = 9CEB2D2F1AEE928600F74364 /* Products */;
			projectDirPath = "";
			projectRoot = "";
			targets = (
				9CEB2D2D1AEE928600F74364 /* News */,
				9CEB2D401AEE928600F74364 /* NewsTests */,
			);
		};
/* End PBXProject section */

/* Begin PBXResourcesBuildPhase section */
		9CEB2D2C1AEE928600F74364 /* Resources */ = {
			isa = PBXResourcesBuildPhase;
			buildActionMask = 2147483647;
			files = (
				9CEB2D3C1AEE928600F74364 /* LaunchScreen.xib in Resources */,
				9CEB2D391AEE928600F74364 /* Images.xcassets in Resources */,
				9CEB2D691AEEA53400F74364 /* imgPrueba.jpg in Resources */,
			);
			runOnlyForDeploymentPostprocessing = 0;
		};
		9CEB2D3F1AEE928600F74364 /* Resources */ = {
			isa = PBXResourcesBuildPhase;
			buildActionMask = 2147483647;
			files = (
			);
			runOnlyForDeploymentPostprocessing = 0;
		};
/* End PBXResourcesBuildPhase section */

/* Begin PBXShellScriptBuildPhase section */
		89A2BD27FABFE92117E25A8C /* Check Pods Manifest.lock */ = {
			isa = PBXShellScriptBuildPhase;
			buildActionMask = 2147483647;
			files = (
			);
			inputPaths = (
			);
			name = "Check Pods Manifest.lock";
			outputPaths = (
			);
			runOnlyForDeploymentPostprocessing = 0;
			shellPath = /bin/sh;
			shellScript = "diff \"${PODS_ROOT}/../Podfile.lock\" \"${PODS_ROOT}/Manifest.lock\" > /dev/null\nif [[ $? != 0 ]] ; then\n    cat << EOM\nerror: The sandbox is not in sync with the Podfile.lock. Run 'pod install' or update your CocoaPods installation.\nEOM\n    exit 1\nfi\n";
			showEnvVarsInLog = 0;
		};
		D1EF8004C91BB283FAA3AF11 /* Copy Pods Resources */ = {
			isa = PBXShellScriptBuildPhase;
			buildActionMask = 2147483647;
			files = (
			);
			inputPaths = (
			);
			name = "Copy Pods Resources";
			outputPaths = (
			);
			runOnlyForDeploymentPostprocessing = 0;
			shellPath = /bin/sh;
			shellScript = "\"${SRCROOT}/Pods/Target Support Files/Pods/Pods-resources.sh\"\n";
			showEnvVarsInLog = 0;
		};
/* End PBXShellScriptBuildPhase section */

/* Begin PBXSourcesBuildPhase section */
		9CEB2D2A1AEE928600F74364 /* Sources */ = {
			isa = PBXSourcesBuildPhase;
			buildActionMask = 2147483647;
			files = (
				9CEB2D371AEE928600F74364 /* AppDelegate.m in Sources */,
				9CEB2D341AEE928600F74364 /* main.m in Sources */,
				9CEB2D6C1AEEBFEE00F74364 /* ARFScore.m in Sources */,
				9CEB2D651AEEA09600F74364 /* ARFNew.m in Sources */,
			);
			runOnlyForDeploymentPostprocessing = 0;
		};
		9CEB2D3D1AEE928600F74364 /* Sources */ = {
			isa = PBXSourcesBuildPhase;
			buildActionMask = 2147483647;
			files = (
				9CEB2D481AEE928600F74364 /* NewsTests.m in Sources */,
			);
			runOnlyForDeploymentPostprocessing = 0;
		};
/* End PBXSourcesBuildPhase section */

/* Begin PBXTargetDependency section */
		9CEB2D431AEE928600F74364 /* PBXTargetDependency */ = {
			isa = PBXTargetDependency;
			target = 9CEB2D2D1AEE928600F74364 /* News */;
			targetProxy = 9CEB2D421AEE928600F74364 /* PBXContainerItemProxy */;
		};
/* End PBXTargetDependency section */

/* Begin PBXVariantGroup section */
		9CEB2D3A1AEE928600F74364 /* LaunchScreen.xib */ = {
			isa = PBXVariantGroup;
			children = (
				9CEB2D3B1AEE928600F74364 /* Base */,
			);
			name = LaunchScreen.xib;
			sourceTree = "<group>";
		};
/* End PBXVariantGroup section */

/* Begin XCBuildConfiguration section */
		9CEB2D491AEE928600F74364 /* Debug */ = {
			isa = XCBuildConfiguration;
			buildSettings = {
				ALWAYS_SEARCH_USER_PATHS = NO;
				CLANG_CXX_LANGUAGE_STANDARD = "gnu++0x";
				CLANG_CXX_LIBRARY = "libc++";
				CLANG_ENABLE_MODULES = YES;
				CLANG_ENABLE_OBJC_ARC = YES;
				CLANG_WARN_BOOL_CONVERSION = YES;
				CLANG_WARN_CONSTANT_CONVERSION = YES;
				CLANG_WARN_DIRECT_OBJC_ISA_USAGE = YES_ERROR;
				CLANG_WARN_EMPTY_BODY = YES;
				CLANG_WARN_ENUM_CONVERSION = YES;
				CLANG_WARN_INT_CONVERSION = YES;
				CLANG_WARN_OBJC_ROOT_CLASS = YES_ERROR;
				CLANG_WARN_UNREACHABLE_CODE = YES;
				CLANG_WARN__DUPLICATE_METHOD_MATCH = YES;
				"CODE_SIGN_IDENTITY[sdk=iphoneos*]" = "iPhone Developer";
				COPY_PHASE_STRIP = NO;
				DEBUG_INFORMATION_FORMAT = "dwarf-with-dsym";
				ENABLE_STRICT_OBJC_MSGSEND = YES;
				GCC_C_LANGUAGE_STANDARD = gnu99;
				GCC_DYNAMIC_NO_PIC = NO;
				GCC_NO_COMMON_BLOCKS = YES;
				GCC_OPTIMIZATION_LEVEL = 0;
				GCC_PREPROCESSOR_DEFINITIONS = (
					"DEBUG=1",
					"$(inherited)",
				);
				GCC_SYMBOLS_PRIVATE_EXTERN = NO;
				GCC_WARN_64_TO_32_BIT_CONVERSION = YES;
				GCC_WARN_ABOUT_RETURN_TYPE = YES_ERROR;
				GCC_WARN_UNDECLARED_SELECTOR = YES;
				GCC_WARN_UNINITIALIZED_AUTOS = YES_AGGRESSIVE;
				GCC_WARN_UNUSED_FUNCTION = YES;
				GCC_WARN_UNUSED_VARIABLE = YES;
				IPHONEOS_DEPLOYMENT_TARGET = 8.3;
				MTL_ENABLE_DEBUG_INFO = YES;
				ONLY_ACTIVE_ARCH = YES;
				SDKROOT = iphoneos;
			};
			name = Debug;
		};
		9CEB2D4A1AEE928600F74364 /* Release */ = {
			isa = XCBuildConfiguration;
			buildSettings = {
				ALWAYS_SEARCH_USER_PATHS = NO;
				CLANG_CXX_LANGUAGE_STANDARD = "gnu++0x";
				CLANG_CXX_LIBRARY = "libc++";
				CLANG_ENABLE_MODULES = YES;
				CLANG_ENABLE_OBJC_ARC = YES;
				CLANG_WARN_BOOL_CONVERSION = YES;
				CLANG_WARN_CONSTANT_CONVERSION = YES;
				CLANG_WARN_DIRECT_OBJC_ISA_USAGE = YES_ERROR;
				CLANG_WARN_EMPTY_BODY = YES;
				CLANG_WARN_ENUM_CONVERSION = YES;
				CLANG_WARN_INT_CONVERSION = YES;
				CLANG_WARN_OBJC_ROOT_CLASS = YES_ERROR;
				CLANG_WARN_UNREACHABLE_CODE = YES;
				CLANG_WARN__DUPLICATE_METHOD_MATCH = YES;
				"CODE_SIGN_IDENTITY[sdk=iphoneos*]" = "iPhone Developer";
				COPY_PHASE_STRIP = NO;
				DEBUG_INFORMATION_FORMAT = "dwarf-with-dsym";
				ENABLE_NS_ASSERTIONS = NO;
				ENABLE_STRICT_OBJC_MSGSEND = YES;
				GCC_C_LANGUAGE_STANDARD = gnu99;
				GCC_NO_COMMON_BLOCKS = YES;
				GCC_WARN_64_TO_32_BIT_CONVERSION = YES;
				GCC_WARN_ABOUT_RETURN_TYPE = YES_ERROR;
				GCC_WARN_UNDECLARED_SELECTOR = YES;
				GCC_WARN_UNINITIALIZED_AUTOS = YES_AGGRESSIVE;
				GCC_WARN_UNUSED_FUNCTION = YES;
				GCC_WARN_UNUSED_VARIABLE = YES;
				IPHONEOS_DEPLOYMENT_TARGET = 8.3;
				MTL_ENABLE_DEBUG_INFO = NO;
				SDKROOT = iphoneos;
				VALIDATE_PRODUCT = YES;
			};
			name = Release;
		};
		9CEB2D4C1AEE928600F74364 /* Debug */ = {
			isa = XCBuildConfiguration;
			baseConfigurationReference = E1C39687DEE44A0EE20C09AB /* Pods.debug.xcconfig */;
			buildSettings = {
				ASSETCATALOG_COMPILER_APPICON_NAME = AppIcon;
				INFOPLIST_FILE = News/Info.plist;
				LD_RUNPATH_SEARCH_PATHS = "$(inherited) @executable_path/Frameworks";
				LIBRARY_SEARCH_PATHS = (
					"$(inherited)",
					"$(PROJECT_DIR)/News",
				);
				PRODUCT_NAME = "$(TARGET_NAME)";
			};
			name = Debug;
		};
		9CEB2D4D1AEE928600F74364 /* Release */ = {
			isa = XCBuildConfiguration;
			baseConfigurationReference = E1EAA628F6387F3967BE7C5E /* Pods.release.xcconfig */;
			buildSettings = {
				ASSETCATALOG_COMPILER_APPICON_NAME = AppIcon;
				INFOPLIST_FILE = News/Info.plist;
				LD_RUNPATH_SEARCH_PATHS = "$(inherited) @executable_path/Frameworks";
				LIBRARY_SEARCH_PATHS = (
					"$(inherited)",
					"$(PROJECT_DIR)/News",
				);
				PRODUCT_NAME = "$(TARGET_NAME)";
			};
			name = Release;
		};
		9CEB2D4F1AEE928600F74364 /* Debug */ = {
			isa = XCBuildConfiguration;
			buildSettings = {
				BUNDLE_LOADER = "$(TEST_HOST)";
				FRAMEWORK_SEARCH_PATHS = (
					"$(SDKROOT)/Developer/Library/Frameworks",
					"$(inherited)",
				);
				GCC_PREPROCESSOR_DEFINITIONS = (
					"DEBUG=1",
					"$(inherited)",
				);
				INFOPLIST_FILE = NewsTests/Info.plist;
				LD_RUNPATH_SEARCH_PATHS = "$(inherited) @executable_path/Frameworks @loader_path/Frameworks";
				PRODUCT_NAME = "$(TARGET_NAME)";
				TEST_HOST = "$(BUILT_PRODUCTS_DIR)/News.app/News";
			};
			name = Debug;
		};
		9CEB2D501AEE928600F74364 /* Release */ = {
			isa = XCBuildConfiguration;
			buildSettings = {
				BUNDLE_LOADER = "$(TEST_HOST)";
				FRAMEWORK_SEARCH_PATHS = (
					"$(SDKROOT)/Developer/Library/Frameworks",
					"$(inherited)",
				);
				INFOPLIST_FILE = NewsTests/Info.plist;
				LD_RUNPATH_SEARCH_PATHS = "$(inherited) @executable_path/Frameworks @loader_path/Frameworks";
				PRODUCT_NAME = "$(TARGET_NAME)";
				TEST_HOST = "$(BUILT_PRODUCTS_DIR)/News.app/News";
			};
			name = Release;
		};
/* End XCBuildConfiguration section */

/* Begin XCConfigurationList section */
		9CEB2D291AEE928600F74364 /* Build configuration list for PBXProject "News" */ = {
			isa = XCConfigurationList;
			buildConfigurations = (
				9CEB2D491AEE928600F74364 /* Debug */,
				9CEB2D4A1AEE928600F74364 /* Release */,
			);
			defaultConfigurationIsVisible = 0;
			defaultConfigurationName = Release;
		};
		9CEB2D4B1AEE928600F74364 /* Build configuration list for PBXNativeTarget "News" */ = {
			isa = XCConfigurationList;
			buildConfigurations = (
				9CEB2D4C1AEE928600F74364 /* Debug */,
				9CEB2D4D1AEE928600F74364 /* Release */,
			);
			defaultConfigurationIsVisible = 0;
			defaultConfigurationName = Release;
		};
		9CEB2D4E1AEE928600F74364 /* Build configuration list for PBXNativeTarget "NewsTests" */ = {
			isa = XCConfigurationList;
			buildConfigurations = (
				9CEB2D4F1AEE928600F74364 /* Debug */,
				9CEB2D501AEE928600F74364 /* Release */,
			);
			defaultConfigurationIsVisible = 0;
			defaultConfigurationName = Release;
		};
/* End XCConfigurationList section */
	};
	rootObject = 9CEB2D261AEE928600F74364 /* Project object */;
}
